// !$*UTF8*$!
{
	archiveVersion = 1;
	classes = {
	};
	objectVersion = 46;
	objects = {

/* Begin PBXBuildFile section */
		67BF729516257905007D65F7 /* NLDictionaryViewController.m in Sources */ = {isa = PBXBuildFile; fileRef = 67BF729316257905007D65F7 /* NLDictionaryViewController.m */; };
		67BF729616257905007D65F7 /* NLDictionaryViewController.xib in Resources */ = {isa = PBXBuildFile; fileRef = 67BF729416257905007D65F7 /* NLDictionaryViewController.xib */; };
		67C0DB8F1625DFDE00214C52 /* NLParser.m in Sources */ = {isa = PBXBuildFile; fileRef = 67C0DB8E1625DFDE00214C52 /* NLParser.m */; };
		67C0DBA21625E42E00214C52 /* All_Forms.txt in Resources */ = {isa = PBXBuildFile; fileRef = 67C0DBA11625E42E00214C52 /* All_Forms.txt */; };
		C932F8811626203600D9A34B /* TTTAttributedLabel.m in Sources */ = {isa = PBXBuildFile; fileRef = C932F8801626203600D9A34B /* TTTAttributedLabel.m */; };
		C986581D1625A6F60035FB7D /* NLWord.m in Sources */ = {isa = PBXBuildFile; fileRef = C986581C1625A6F60035FB7D /* NLWord.m */; };
		C98658231625A7740035FB7D /* NLDictionary.m in Sources */ = {isa = PBXBuildFile; fileRef = C98658221625A7740035FB7D /* NLDictionary.m */; };
		C98658291625A7990035FB7D /* NLWordBlock.m in Sources */ = {isa = PBXBuildFile; fileRef = C98658281625A7990035FB7D /* NLWordBlock.m */; };
		C98E2A2C1624B6A500AFC6AD /* UIKit.framework in Frameworks */ = {isa = PBXBuildFile; fileRef = C98E2A2B1624B6A500AFC6AD /* UIKit.framework */; };
		C98E2A2E1624B6A500AFC6AD /* Foundation.framework in Frameworks */ = {isa = PBXBuildFile; fileRef = C98E2A2D1624B6A500AFC6AD /* Foundation.framework */; };
		C98E2A301624B6A500AFC6AD /* CoreGraphics.framework in Frameworks */ = {isa = PBXBuildFile; fileRef = C98E2A2F1624B6A500AFC6AD /* CoreGraphics.framework */; };
		C98E2A321624B6A600AFC6AD /* CoreData.framework in Frameworks */ = {isa = PBXBuildFile; fileRef = C98E2A311624B6A500AFC6AD /* CoreData.framework */; };
		C98E2A381624B6A600AFC6AD /* InfoPlist.strings in Resources */ = {isa = PBXBuildFile; fileRef = C98E2A361624B6A600AFC6AD /* InfoPlist.strings */; };
		C98E2A3A1624B6A600AFC6AD /* main.m in Sources */ = {isa = PBXBuildFile; fileRef = C98E2A391624B6A600AFC6AD /* main.m */; };
		C98E2A3E1624B6A600AFC6AD /* NLAppDelegate.m in Sources */ = {isa = PBXBuildFile; fileRef = C98E2A3D1624B6A600AFC6AD /* NLAppDelegate.m */; };
		C98E2A401624B6A600AFC6AD /* Default.png in Resources */ = {isa = PBXBuildFile; fileRef = C98E2A3F1624B6A600AFC6AD /* Default.png */; };
		C98E2A421624B6A600AFC6AD /* Default@2x.png in Resources */ = {isa = PBXBuildFile; fileRef = C98E2A411624B6A600AFC6AD /* Default@2x.png */; };
		C98E2A441624B6A600AFC6AD /* Default-568h@2x.png in Resources */ = {isa = PBXBuildFile; fileRef = C98E2A431624B6A600AFC6AD /* Default-568h@2x.png */; };
		C98E2A471624B6A600AFC6AD /* StressIt.xcdatamodeld in Sources */ = {isa = PBXBuildFile; fileRef = C98E2A451624B6A600AFC6AD /* StressIt.xcdatamodeld */; };
		C98E2A4F1624B6A600AFC6AD /* SenTestingKit.framework in Frameworks */ = {isa = PBXBuildFile; fileRef = C98E2A4E1624B6A600AFC6AD /* SenTestingKit.framework */; };
		C98E2A501624B6A600AFC6AD /* UIKit.framework in Frameworks */ = {isa = PBXBuildFile; fileRef = C98E2A2B1624B6A500AFC6AD /* UIKit.framework */; };
		C98E2A511624B6A600AFC6AD /* Foundation.framework in Frameworks */ = {isa = PBXBuildFile; fileRef = C98E2A2D1624B6A500AFC6AD /* Foundation.framework */; };
		C98E2A521624B6A600AFC6AD /* CoreData.framework in Frameworks */ = {isa = PBXBuildFile; fileRef = C98E2A311624B6A500AFC6AD /* CoreData.framework */; };
		C98E2A5A1624B6A600AFC6AD /* InfoPlist.strings in Resources */ = {isa = PBXBuildFile; fileRef = C98E2A581624B6A600AFC6AD /* InfoPlist.strings */; };
		C98E2A5D1624B6A600AFC6AD /* StressItTests.m in Sources */ = {isa = PBXBuildFile; fileRef = C98E2A5C1624B6A600AFC6AD /* StressItTests.m */; };
		C98E2A691624B6EC00AFC6AD /* NLMainMenuViewController.m in Sources */ = {isa = PBXBuildFile; fileRef = C98E2A671624B6EB00AFC6AD /* NLMainMenuViewController.m */; };
		C98E2A6A1624B6EC00AFC6AD /* NLMainMenuViewController.xib in Resources */ = {isa = PBXBuildFile; fileRef = C98E2A681624B6EB00AFC6AD /* NLMainMenuViewController.xib */; };
		C98E2A701624B83A00AFC6AD /* MainMenuTempBg.jpeg in Resources */ = {isa = PBXBuildFile; fileRef = C98E2A6F1624B83A00AFC6AD /* MainMenuTempBg.jpeg */; };
		C98E2A741624BAF500AFC6AD /* NLLearningViewController.m in Sources */ = {isa = PBXBuildFile; fileRef = C98E2A721624BAF400AFC6AD /* NLLearningViewController.m */; };
		C98E2A751624BAF500AFC6AD /* NLLearningViewController.xib in Resources */ = {isa = PBXBuildFile; fileRef = C98E2A731624BAF400AFC6AD /* NLLearningViewController.xib */; };
		C98E2AA11624BC1600AFC6AD /* CoreText.framework in Frameworks */ = {isa = PBXBuildFile; fileRef = C98E2AA01624BC1600AFC6AD /* CoreText.framework */; };
		C98E2AA41624BD2600AFC6AD /* NLLabel.m in Sources */ = {isa = PBXBuildFile; fileRef = C98E2AA31624BD2500AFC6AD /* NLLabel.m */; };
/* End PBXBuildFile section */

/* Begin PBXContainerItemProxy section */
		C98E2A531624B6A600AFC6AD /* PBXContainerItemProxy */ = {
			isa = PBXContainerItemProxy;
			containerPortal = C98E2A1E1624B6A500AFC6AD /* Project object */;
			proxyType = 1;
			remoteGlobalIDString = C98E2A261624B6A500AFC6AD;
			remoteInfo = StressIt;
		};
/* End PBXContainerItemProxy section */

/* Begin PBXFileReference section */
		67BF729216257905007D65F7 /* NLDictionaryViewController.h */ = {isa = PBXFileReference; fileEncoding = 4; lastKnownFileType = sourcecode.c.h; path = NLDictionaryViewController.h; sourceTree = "<group>"; };
		67BF729316257905007D65F7 /* NLDictionaryViewController.m */ = {isa = PBXFileReference; fileEncoding = 4; lastKnownFileType = sourcecode.c.objc; path = NLDictionaryViewController.m; sourceTree = "<group>"; };
		67BF729416257905007D65F7 /* NLDictionaryViewController.xib */ = {isa = PBXFileReference; fileEncoding = 4; lastKnownFileType = file.xib; path = NLDictionaryViewController.xib; sourceTree = "<group>"; };
		67C0DB8D1625DFDE00214C52 /* NLParser.h */ = {isa = PBXFileReference; fileEncoding = 4; lastKnownFileType = sourcecode.c.h; path = NLParser.h; sourceTree = "<group>"; };
		67C0DB8E1625DFDE00214C52 /* NLParser.m */ = {isa = PBXFileReference; fileEncoding = 4; lastKnownFileType = sourcecode.c.objc; path = NLParser.m; sourceTree = "<group>"; };
		67C0DBA11625E42E00214C52 /* All_Forms.txt */ = {isa = PBXFileReference; fileEncoding = 4; lastKnownFileType = text; name = All_Forms.txt; path = ../../All_Forms.txt; sourceTree = "<group>"; };
		C932F87F1626203600D9A34B /* TTTAttributedLabel.h */ = {isa = PBXFileReference; fileEncoding = 4; lastKnownFileType = sourcecode.c.h; path = TTTAttributedLabel.h; sourceTree = "<group>"; };
		C932F8801626203600D9A34B /* TTTAttributedLabel.m */ = {isa = PBXFileReference; fileEncoding = 4; lastKnownFileType = sourcecode.c.objc; path = TTTAttributedLabel.m; sourceTree = "<group>"; };
		C986581B1625A6F60035FB7D /* NLWord.h */ = {isa = PBXFileReference; fileEncoding = 4; lastKnownFileType = sourcecode.c.h; path = NLWord.h; sourceTree = "<group>"; };
		C986581C1625A6F60035FB7D /* NLWord.m */ = {isa = PBXFileReference; fileEncoding = 4; lastKnownFileType = sourcecode.c.objc; path = NLWord.m; sourceTree = "<group>"; };
		C98658211625A7740035FB7D /* NLDictionary.h */ = {isa = PBXFileReference; fileEncoding = 4; lastKnownFileType = sourcecode.c.h; path = NLDictionary.h; sourceTree = "<group>"; };
		C98658221625A7740035FB7D /* NLDictionary.m */ = {isa = PBXFileReference; fileEncoding = 4; lastKnownFileType = sourcecode.c.objc; path = NLDictionary.m; sourceTree = "<group>"; };
		C98658271625A7990035FB7D /* NLWordBlock.h */ = {isa = PBXFileReference; fileEncoding = 4; lastKnownFileType = sourcecode.c.h; path = NLWordBlock.h; sourceTree = "<group>"; };
		C98658281625A7990035FB7D /* NLWordBlock.m */ = {isa = PBXFileReference; fileEncoding = 4; lastKnownFileType = sourcecode.c.objc; path = NLWordBlock.m; sourceTree = "<group>"; };
		C98E2A271624B6A500AFC6AD /* StressIt.app */ = {isa = PBXFileReference; explicitFileType = wrapper.application; includeInIndex = 0; path = StressIt.app; sourceTree = BUILT_PRODUCTS_DIR; };
		C98E2A2B1624B6A500AFC6AD /* UIKit.framework */ = {isa = PBXFileReference; lastKnownFileType = wrapper.framework; name = UIKit.framework; path = System/Library/Frameworks/UIKit.framework; sourceTree = SDKROOT; };
		C98E2A2D1624B6A500AFC6AD /* Foundation.framework */ = {isa = PBXFileReference; lastKnownFileType = wrapper.framework; name = Foundation.framework; path = System/Library/Frameworks/Foundation.framework; sourceTree = SDKROOT; };
		C98E2A2F1624B6A500AFC6AD /* CoreGraphics.framework */ = {isa = PBXFileReference; lastKnownFileType = wrapper.framework; name = CoreGraphics.framework; path = System/Library/Frameworks/CoreGraphics.framework; sourceTree = SDKROOT; };
		C98E2A311624B6A500AFC6AD /* CoreData.framework */ = {isa = PBXFileReference; lastKnownFileType = wrapper.framework; name = CoreData.framework; path = System/Library/Frameworks/CoreData.framework; sourceTree = SDKROOT; };
		C98E2A351624B6A600AFC6AD /* StressIt-Info.plist */ = {isa = PBXFileReference; lastKnownFileType = text.plist.xml; path = "StressIt-Info.plist"; sourceTree = "<group>"; };
		C98E2A371624B6A600AFC6AD /* en */ = {isa = PBXFileReference; lastKnownFileType = text.plist.strings; name = en; path = en.lproj/InfoPlist.strings; sourceTree = "<group>"; };
		C98E2A391624B6A600AFC6AD /* main.m */ = {isa = PBXFileReference; lastKnownFileType = sourcecode.c.objc; path = main.m; sourceTree = "<group>"; };
		C98E2A3B1624B6A600AFC6AD /* StressIt-Prefix.pch */ = {isa = PBXFileReference; lastKnownFileType = sourcecode.c.h; path = "StressIt-Prefix.pch"; sourceTree = "<group>"; };
		C98E2A3C1624B6A600AFC6AD /* NLAppDelegate.h */ = {isa = PBXFileReference; lastKnownFileType = sourcecode.c.h; path = NLAppDelegate.h; sourceTree = "<group>"; };
		C98E2A3D1624B6A600AFC6AD /* NLAppDelegate.m */ = {isa = PBXFileReference; lastKnownFileType = sourcecode.c.objc; path = NLAppDelegate.m; sourceTree = "<group>"; };
		C98E2A3F1624B6A600AFC6AD /* Default.png */ = {isa = PBXFileReference; lastKnownFileType = image.png; path = Default.png; sourceTree = "<group>"; };
		C98E2A411624B6A600AFC6AD /* Default@2x.png */ = {isa = PBXFileReference; lastKnownFileType = image.png; path = "Default@2x.png"; sourceTree = "<group>"; };
		C98E2A431624B6A600AFC6AD /* Default-568h@2x.png */ = {isa = PBXFileReference; lastKnownFileType = image.png; path = "Default-568h@2x.png"; sourceTree = "<group>"; };
		C98E2A461624B6A600AFC6AD /* StressIt.xcdatamodel */ = {isa = PBXFileReference; lastKnownFileType = wrapper.xcdatamodel; path = StressIt.xcdatamodel; sourceTree = "<group>"; };
		C98E2A4D1624B6A600AFC6AD /* StressItTests.octest */ = {isa = PBXFileReference; explicitFileType = wrapper.cfbundle; includeInIndex = 0; path = StressItTests.octest; sourceTree = BUILT_PRODUCTS_DIR; };
		C98E2A4E1624B6A600AFC6AD /* SenTestingKit.framework */ = {isa = PBXFileReference; lastKnownFileType = wrapper.framework; name = SenTestingKit.framework; path = Library/Frameworks/SenTestingKit.framework; sourceTree = DEVELOPER_DIR; };
		C98E2A571624B6A600AFC6AD /* StressItTests-Info.plist */ = {isa = PBXFileReference; lastKnownFileType = text.plist.xml; path = "StressItTests-Info.plist"; sourceTree = "<group>"; };
		C98E2A591624B6A600AFC6AD /* en */ = {isa = PBXFileReference; lastKnownFileType = text.plist.strings; name = en; path = en.lproj/InfoPlist.strings; sourceTree = "<group>"; };
		C98E2A5B1624B6A600AFC6AD /* StressItTests.h */ = {isa = PBXFileReference; lastKnownFileType = sourcecode.c.h; path = StressItTests.h; sourceTree = "<group>"; };
		C98E2A5C1624B6A600AFC6AD /* StressItTests.m */ = {isa = PBXFileReference; lastKnownFileType = sourcecode.c.objc; path = StressItTests.m; sourceTree = "<group>"; };
		C98E2A661624B6EB00AFC6AD /* NLMainMenuViewController.h */ = {isa = PBXFileReference; fileEncoding = 4; lastKnownFileType = sourcecode.c.h; path = NLMainMenuViewController.h; sourceTree = "<group>"; };
		C98E2A671624B6EB00AFC6AD /* NLMainMenuViewController.m */ = {isa = PBXFileReference; fileEncoding = 4; lastKnownFileType = sourcecode.c.objc; path = NLMainMenuViewController.m; sourceTree = "<group>"; };
		C98E2A681624B6EB00AFC6AD /* NLMainMenuViewController.xib */ = {isa = PBXFileReference; fileEncoding = 4; lastKnownFileType = file.xib; path = NLMainMenuViewController.xib; sourceTree = "<group>"; };
		C98E2A6F1624B83A00AFC6AD /* MainMenuTempBg.jpeg */ = {isa = PBXFileReference; lastKnownFileType = image.jpeg; name = MainMenuTempBg.jpeg; path = Content/TempImages/MainMenuTempBg.jpeg; sourceTree = SOURCE_ROOT; };
		C98E2A711624BAF300AFC6AD /* NLLearningViewController.h */ = {isa = PBXFileReference; fileEncoding = 4; lastKnownFileType = sourcecode.c.h; path = NLLearningViewController.h; sourceTree = "<group>"; };
		C98E2A721624BAF400AFC6AD /* NLLearningViewController.m */ = {isa = PBXFileReference; fileEncoding = 4; lastKnownFileType = sourcecode.c.objc; path = NLLearningViewController.m; sourceTree = "<group>"; };
		C98E2A731624BAF400AFC6AD /* NLLearningViewController.xib */ = {isa = PBXFileReference; fileEncoding = 4; lastKnownFileType = file.xib; path = NLLearningViewController.xib; sourceTree = "<group>"; };
		C98E2AA01624BC1600AFC6AD /* CoreText.framework */ = {isa = PBXFileReference; lastKnownFileType = wrapper.framework; name = CoreText.framework; path = System/Library/Frameworks/CoreText.framework; sourceTree = SDKROOT; };
		C98E2AA21624BD2500AFC6AD /* NLLabel.h */ = {isa = PBXFileReference; fileEncoding = 4; lastKnownFileType = sourcecode.c.h; path = NLLabel.h; sourceTree = "<group>"; };
		C98E2AA31624BD2500AFC6AD /* NLLabel.m */ = {isa = PBXFileReference; fileEncoding = 4; lastKnownFileType = sourcecode.c.objc; path = NLLabel.m; sourceTree = "<group>"; };
/* End PBXFileReference section */

/* Begin PBXFrameworksBuildPhase section */
		C98E2A241624B6A500AFC6AD /* Frameworks */ = {
			isa = PBXFrameworksBuildPhase;
			buildActionMask = 2147483647;
			files = (
				C98E2AA11624BC1600AFC6AD /* CoreText.framework in Frameworks */,
				C98E2A2C1624B6A500AFC6AD /* UIKit.framework in Frameworks */,
				C98E2A2E1624B6A500AFC6AD /* Foundation.framework in Frameworks */,
				C98E2A301624B6A500AFC6AD /* CoreGraphics.framework in Frameworks */,
				C98E2A321624B6A600AFC6AD /* CoreData.framework in Frameworks */,
			);
			runOnlyForDeploymentPostprocessing = 0;
		};
		C98E2A491624B6A600AFC6AD /* Frameworks */ = {
			isa = PBXFrameworksBuildPhase;
			buildActionMask = 2147483647;
			files = (
				C98E2A4F1624B6A600AFC6AD /* SenTestingKit.framework in Frameworks */,
				C98E2A501624B6A600AFC6AD /* UIKit.framework in Frameworks */,
				C98E2A511624B6A600AFC6AD /* Foundation.framework in Frameworks */,
				C98E2A521624B6A600AFC6AD /* CoreData.framework in Frameworks */,
			);
			runOnlyForDeploymentPostprocessing = 0;
		};
/* End PBXFrameworksBuildPhase section */

/* Begin PBXGroup section */
		C986582A1625A7C90035FB7D /* CoreData */ = {
			isa = PBXGroup;
			children = (
				C98E2A451624B6A600AFC6AD /* StressIt.xcdatamodeld */,
				C986581B1625A6F60035FB7D /* NLWord.h */,
				C986581C1625A6F60035FB7D /* NLWord.m */,
				C98658271625A7990035FB7D /* NLWordBlock.h */,
				C98658281625A7990035FB7D /* NLWordBlock.m */,
				C98658211625A7740035FB7D /* NLDictionary.h */,
				C98658221625A7740035FB7D /* NLDictionary.m */,
			);
			name = CoreData;
			sourceTree = "<group>";
		};
		C986582B1625A7DF0035FB7D /* Interface */ = {
			isa = PBXGroup;
			children = (
				C98E2A661624B6EB00AFC6AD /* NLMainMenuViewController.h */,
				C98E2A671624B6EB00AFC6AD /* NLMainMenuViewController.m */,
				C98E2A681624B6EB00AFC6AD /* NLMainMenuViewController.xib */,
				C98E2A711624BAF300AFC6AD /* NLLearningViewController.h */,
				C98E2A721624BAF400AFC6AD /* NLLearningViewController.m */,
				C98E2A731624BAF400AFC6AD /* NLLearningViewController.xib */,
			);
			name = Interface;
			sourceTree = "<group>";
		};
		C986582C1625A84C0035FB7D /* Service */ = {
			isa = PBXGroup;
			children = (
				C932F87F1626203600D9A34B /* TTTAttributedLabel.h */,
				C932F8801626203600D9A34B /* TTTAttributedLabel.m */,
				C98E2AA21624BD2500AFC6AD /* NLLabel.h */,
				C98E2AA31624BD2500AFC6AD /* NLLabel.m */,
			);
			name = Service;
			sourceTree = "<group>";
		};
		C98E2A1C1624B6A500AFC6AD = {
			isa = PBXGroup;
			children = (
				C98E2A331624B6A600AFC6AD /* StressIt */,
				C98E2A551624B6A600AFC6AD /* StressItTests */,
				C98E2A2A1624B6A500AFC6AD /* Frameworks */,
				C98E2A281624B6A500AFC6AD /* Products */,
			);
			sourceTree = "<group>";
		};
		C98E2A281624B6A500AFC6AD /* Products */ = {
			isa = PBXGroup;
			children = (
				C98E2A271624B6A500AFC6AD /* StressIt.app */,
				C98E2A4D1624B6A600AFC6AD /* StressItTests.octest */,
			);
			name = Products;
			sourceTree = "<group>";
		};
		C98E2A2A1624B6A500AFC6AD /* Frameworks */ = {
			isa = PBXGroup;
			children = (
				C98E2AA01624BC1600AFC6AD /* CoreText.framework */,
				C98E2A2B1624B6A500AFC6AD /* UIKit.framework */,
				C98E2A2D1624B6A500AFC6AD /* Foundation.framework */,
				C98E2A2F1624B6A500AFC6AD /* CoreGraphics.framework */,
				C98E2A311624B6A500AFC6AD /* CoreData.framework */,
				C98E2A4E1624B6A600AFC6AD /* SenTestingKit.framework */,
			);
			name = Frameworks;
			sourceTree = "<group>";
		};
		C98E2A331624B6A600AFC6AD /* StressIt */ = {
			isa = PBXGroup;
			children = (
				C98E2A3C1624B6A600AFC6AD /* NLAppDelegate.h */,
				C98E2A3D1624B6A600AFC6AD /* NLAppDelegate.m */,
				C98E2A6B1624B6F600AFC6AD /* Classes */,
				C986582A1625A7C90035FB7D /* CoreData */,
				C98E2A6C1624B7F000AFC6AD /* Content */,
				C98E2A341624B6A600AFC6AD /* Supporting Files */,
				67BF729216257905007D65F7 /* NLDictionaryViewController.h */,
				67BF729316257905007D65F7 /* NLDictionaryViewController.m */,
				67BF729416257905007D65F7 /* NLDictionaryViewController.xib */,
				67C0DB8D1625DFDE00214C52 /* NLParser.h */,
				67C0DB8E1625DFDE00214C52 /* NLParser.m */,
			);
			path = StressIt;
			sourceTree = "<group>";
		};
		C98E2A341624B6A600AFC6AD /* Supporting Files */ = {
			isa = PBXGroup;
			children = (
				67C0DBA11625E42E00214C52 /* All_Forms.txt */,
				C98E2A351624B6A600AFC6AD /* StressIt-Info.plist */,
				C98E2A361624B6A600AFC6AD /* InfoPlist.strings */,
				C98E2A391624B6A600AFC6AD /* main.m */,
				C98E2A3B1624B6A600AFC6AD /* StressIt-Prefix.pch */,
				C98E2A3F1624B6A600AFC6AD /* Default.png */,
				C98E2A411624B6A600AFC6AD /* Default@2x.png */,
				C98E2A431624B6A600AFC6AD /* Default-568h@2x.png */,
			);
			name = "Supporting Files";
			sourceTree = "<group>";
		};
		C98E2A551624B6A600AFC6AD /* StressItTests */ = {
			isa = PBXGroup;
			children = (
				C98E2A5B1624B6A600AFC6AD /* StressItTests.h */,
				C98E2A5C1624B6A600AFC6AD /* StressItTests.m */,
				C98E2A561624B6A600AFC6AD /* Supporting Files */,
			);
			path = StressItTests;
			sourceTree = "<group>";
		};
		C98E2A561624B6A600AFC6AD /* Supporting Files */ = {
			isa = PBXGroup;
			children = (
				C98E2A571624B6A600AFC6AD /* StressItTests-Info.plist */,
				C98E2A581624B6A600AFC6AD /* InfoPlist.strings */,
			);
			name = "Supporting Files";
			sourceTree = "<group>";
		};
		C98E2A6B1624B6F600AFC6AD /* Classes */ = {
			isa = PBXGroup;
			children = (
				C986582B1625A7DF0035FB7D /* Interface */,
				C986582C1625A84C0035FB7D /* Service */,
			);
			name = Classes;
			sourceTree = "<group>";
		};
		C98E2A6C1624B7F000AFC6AD /* Content */ = {
			isa = PBXGroup;
			children = (
				C98E2A6D1624B7FF00AFC6AD /* Images */,
			);
			name = Content;
			sourceTree = "<group>";
		};
		C98E2A6D1624B7FF00AFC6AD /* Images */ = {
			isa = PBXGroup;
			children = (
				C98E2A6E1624B80A00AFC6AD /* Temp */,
			);
			name = Images;
			sourceTree = "<group>";
		};
		C98E2A6E1624B80A00AFC6AD /* Temp */ = {
			isa = PBXGroup;
			children = (
				C98E2A6F1624B83A00AFC6AD /* MainMenuTempBg.jpeg */,
			);
			name = Temp;
			sourceTree = "<group>";
		};
/* End PBXGroup section */

/* Begin PBXNativeTarget section */
		C98E2A261624B6A500AFC6AD /* StressIt */ = {
			isa = PBXNativeTarget;
			buildConfigurationList = C98E2A601624B6A600AFC6AD /* Build configuration list for PBXNativeTarget "StressIt" */;
			buildPhases = (
				C98E2A231624B6A500AFC6AD /* Sources */,
				C98E2A241624B6A500AFC6AD /* Frameworks */,
				C98E2A251624B6A500AFC6AD /* Resources */,
			);
			buildRules = (
			);
			dependencies = (
			);
			name = StressIt;
			productName = StressIt;
			productReference = C98E2A271624B6A500AFC6AD /* StressIt.app */;
			productType = "com.apple.product-type.application";
		};
		C98E2A4C1624B6A600AFC6AD /* StressItTests */ = {
			isa = PBXNativeTarget;
			buildConfigurationList = C98E2A631624B6A600AFC6AD /* Build configuration list for PBXNativeTarget "StressItTests" */;
			buildPhases = (
				C98E2A481624B6A600AFC6AD /* Sources */,
				C98E2A491624B6A600AFC6AD /* Frameworks */,
				C98E2A4A1624B6A600AFC6AD /* Resources */,
				C98E2A4B1624B6A600AFC6AD /* ShellScript */,
			);
			buildRules = (
			);
			dependencies = (
				C98E2A541624B6A600AFC6AD /* PBXTargetDependency */,
			);
			name = StressItTests;
			productName = StressItTests;
			productReference = C98E2A4D1624B6A600AFC6AD /* StressItTests.octest */;
			productType = "com.apple.product-type.bundle";
		};
/* End PBXNativeTarget section */

/* Begin PBXProject section */
		C98E2A1E1624B6A500AFC6AD /* Project object */ = {
			isa = PBXProject;
			attributes = {
				CLASSPREFIX = NL;
				LastUpgradeCheck = 0450;
				ORGANIZATIONNAME = NIALSoft;
			};
			buildConfigurationList = C98E2A211624B6A500AFC6AD /* Build configuration list for PBXProject "StressIt" */;
			compatibilityVersion = "Xcode 3.2";
			developmentRegion = English;
			hasScannedForEncodings = 0;
			knownRegions = (
				en,
			);
			mainGroup = C98E2A1C1624B6A500AFC6AD;
			productRefGroup = C98E2A281624B6A500AFC6AD /* Products */;
			projectDirPath = "";
			projectRoot = "";
			targets = (
				C98E2A261624B6A500AFC6AD /* StressIt */,
				C98E2A4C1624B6A600AFC6AD /* StressItTests */,
			);
		};
/* End PBXProject section */

/* Begin PBXResourcesBuildPhase section */
		C98E2A251624B6A500AFC6AD /* Resources */ = {
			isa = PBXResourcesBuildPhase;
			buildActionMask = 2147483647;
			files = (
				C98E2A381624B6A600AFC6AD /* InfoPlist.strings in Resources */,
				C98E2A401624B6A600AFC6AD /* Default.png in Resources */,
				C98E2A421624B6A600AFC6AD /* Default@2x.png in Resources */,
				C98E2A441624B6A600AFC6AD /* Default-568h@2x.png in Resources */,
				C98E2A6A1624B6EC00AFC6AD /* NLMainMenuViewController.xib in Resources */,
				C98E2A701624B83A00AFC6AD /* MainMenuTempBg.jpeg in Resources */,
				C98E2A751624BAF500AFC6AD /* NLLearningViewController.xib in Resources */,
				67BF729616257905007D65F7 /* NLDictionaryViewController.xib in Resources */,
				67C0DBA21625E42E00214C52 /* All_Forms.txt in Resources */,
			);
			runOnlyForDeploymentPostprocessing = 0;
		};
		C98E2A4A1624B6A600AFC6AD /* Resources */ = {
			isa = PBXResourcesBuildPhase;
			buildActionMask = 2147483647;
			files = (
				C98E2A5A1624B6A600AFC6AD /* InfoPlist.strings in Resources */,
			);
			runOnlyForDeploymentPostprocessing = 0;
		};
/* End PBXResourcesBuildPhase section */

/* Begin PBXShellScriptBuildPhase section */
		C98E2A4B1624B6A600AFC6AD /* ShellScript */ = {
			isa = PBXShellScriptBuildPhase;
			buildActionMask = 2147483647;
			files = (
			);
			inputPaths = (
			);
			outputPaths = (
			);
			runOnlyForDeploymentPostprocessing = 0;
			shellPath = /bin/sh;
			shellScript = "# Run the unit tests in this test bundle.\n\"${SYSTEM_DEVELOPER_DIR}/Tools/RunUnitTests\"\n";
		};
/* End PBXShellScriptBuildPhase section */

/* Begin PBXSourcesBuildPhase section */
		C98E2A231624B6A500AFC6AD /* Sources */ = {
			isa = PBXSourcesBuildPhase;
			buildActionMask = 2147483647;
			files = (
				C98E2A3A1624B6A600AFC6AD /* main.m in Sources */,
				C98E2A3E1624B6A600AFC6AD /* NLAppDelegate.m in Sources */,
				C98E2A471624B6A600AFC6AD /* StressIt.xcdatamodeld in Sources */,
				C98E2A691624B6EC00AFC6AD /* NLMainMenuViewController.m in Sources */,
				C98E2A741624BAF500AFC6AD /* NLLearningViewController.m in Sources */,
				C98E2AA41624BD2600AFC6AD /* NLLabel.m in Sources */,
				67BF729516257905007D65F7 /* NLDictionaryViewController.m in Sources */,
				C986581D1625A6F60035FB7D /* NLWord.m in Sources */,
				C98658231625A7740035FB7D /* NLDictionary.m in Sources */,
				C98658291625A7990035FB7D /* NLWordBlock.m in Sources */,
				67C0DB8F1625DFDE00214C52 /* NLParser.m in Sources */,
				C932F8811626203600D9A34B /* TTTAttributedLabel.m in Sources */,
			);
			runOnlyForDeploymentPostprocessing = 0;
		};
		C98E2A481624B6A600AFC6AD /* Sources */ = {
			isa = PBXSourcesBuildPhase;
			buildActionMask = 2147483647;
			files = (
				C98E2A5D1624B6A600AFC6AD /* StressItTests.m in Sources */,
			);
			runOnlyForDeploymentPostprocessing = 0;
		};
/* End PBXSourcesBuildPhase section */

/* Begin PBXTargetDependency section */
		C98E2A541624B6A600AFC6AD /* PBXTargetDependency */ = {
			isa = PBXTargetDependency;
			target = C98E2A261624B6A500AFC6AD /* StressIt */;
			targetProxy = C98E2A531624B6A600AFC6AD /* PBXContainerItemProxy */;
		};
/* End PBXTargetDependency section */

/* Begin PBXVariantGroup section */
		C98E2A361624B6A600AFC6AD /* InfoPlist.strings */ = {
			isa = PBXVariantGroup;
			children = (
				C98E2A371624B6A600AFC6AD /* en */,
			);
			name = InfoPlist.strings;
			sourceTree = "<group>";
		};
		C98E2A581624B6A600AFC6AD /* InfoPlist.strings */ = {
			isa = PBXVariantGroup;
			children = (
				C98E2A591624B6A600AFC6AD /* en */,
			);
			name = InfoPlist.strings;
			sourceTree = "<group>";
		};
/* End PBXVariantGroup section */

/* Begin XCBuildConfiguration section */
		C98E2A5E1624B6A600AFC6AD /* Debug */ = {
			isa = XCBuildConfiguration;
			buildSettings = {
				ALWAYS_SEARCH_USER_PATHS = NO;
				CLANG_CXX_LANGUAGE_STANDARD = "gnu++0x";
				CLANG_CXX_LIBRARY = "libc++";
				CLANG_ENABLE_OBJC_ARC = YES;
				CLANG_WARN_EMPTY_BODY = YES;
				CLANG_WARN__DUPLICATE_METHOD_MATCH = YES;
				"CODE_SIGN_IDENTITY[sdk=iphoneos*]" = "iPhone Developer";
				COPY_PHASE_STRIP = NO;
				GCC_C_LANGUAGE_STANDARD = gnu99;
				GCC_DYNAMIC_NO_PIC = NO;
				GCC_OPTIMIZATION_LEVEL = 0;
				GCC_PREPROCESSOR_DEFINITIONS = (
					"DEBUG=1",
					"$(inherited)",
				);
				GCC_SYMBOLS_PRIVATE_EXTERN = NO;
				GCC_WARN_ABOUT_RETURN_TYPE = YES;
				GCC_WARN_UNINITIALIZED_AUTOS = YES;
				GCC_WARN_UNUSED_VARIABLE = YES;
				IPHONEOS_DEPLOYMENT_TARGET = 6.0;
				ONLY_ACTIVE_ARCH = YES;
				SDKROOT = iphoneos;
			};
			name = Debug;
		};
		C98E2A5F1624B6A600AFC6AD /* Release */ = {
			isa = XCBuildConfiguration;
			buildSettings = {
				ALWAYS_SEARCH_USER_PATHS = NO;
				CLANG_CXX_LANGUAGE_STANDARD = "gnu++0x";
				CLANG_CXX_LIBRARY = "libc++";
				CLANG_ENABLE_OBJC_ARC = YES;
				CLANG_WARN_EMPTY_BODY = YES;
				CLANG_WARN__DUPLICATE_METHOD_MATCH = YES;
				"CODE_SIGN_IDENTITY[sdk=iphoneos*]" = "iPhone Developer";
				COPY_PHASE_STRIP = YES;
				GCC_C_LANGUAGE_STANDARD = gnu99;
				GCC_WARN_ABOUT_RETURN_TYPE = YES;
				GCC_WARN_UNINITIALIZED_AUTOS = YES;
				GCC_WARN_UNUSED_VARIABLE = YES;
				IPHONEOS_DEPLOYMENT_TARGET = 6.0;
				OTHER_CFLAGS = "-DNS_BLOCK_ASSERTIONS=1";
				SDKROOT = iphoneos;
				VALIDATE_PRODUCT = YES;
			};
			name = Release;
		};
		C98E2A611624B6A600AFC6AD /* Debug */ = {
			isa = XCBuildConfiguration;
			buildSettings = {
				"CODE_SIGN_IDENTITY[sdk=iphoneos*]" = "iPhone Developer";
				GCC_PRECOMPILE_PREFIX_HEADER = YES;
				GCC_PREFIX_HEADER = "StressIt/StressIt-Prefix.pch";
				INFOPLIST_FILE = "StressIt/StressIt-Info.plist";
				PRODUCT_NAME = "$(TARGET_NAME)";
				"PROVISIONING_PROFILE[sdk=iphoneos*]" = "";
				WRAPPER_EXTENSION = app;
			};
			name = Debug;
		};
		C98E2A621624B6A600AFC6AD /* Release */ = {
			isa = XCBuildConfiguration;
			buildSettings = {
				GCC_PRECOMPILE_PREFIX_HEADER = YES;
				GCC_PREFIX_HEADER = "StressIt/StressIt-Prefix.pch";
				INFOPLIST_FILE = "StressIt/StressIt-Info.plist";
				PRODUCT_NAME = "$(TARGET_NAME)";
				WRAPPER_EXTENSION = app;
			};
			name = Release;
		};
		C98E2A641624B6A600AFC6AD /* Debug */ = {
			isa = XCBuildConfiguration;
			buildSettings = {
				BUNDLE_LOADER = "$(BUILT_PRODUCTS_DIR)/StressIt.app/StressIt";
				FRAMEWORK_SEARCH_PATHS = (
					"\"$(SDKROOT)/Developer/Library/Frameworks\"",
					"\"$(DEVELOPER_LIBRARY_DIR)/Frameworks\"",
				);
				GCC_PRECOMPILE_PREFIX_HEADER = YES;
				GCC_PREFIX_HEADER = "StressIt/StressIt-Prefix.pch";
				INFOPLIST_FILE = "StressItTests/StressItTests-Info.plist";
				PRODUCT_NAME = "$(TARGET_NAME)";
				TEST_HOST = "$(BUNDLE_LOADER)";
				WRAPPER_EXTENSION = octest;
			};
			name = Debug;
		};
		C98E2A651624B6A600AFC6AD /* Release */ = {
			isa = XCBuildConfiguration;
			buildSettings = {
				BUNDLE_LOADER = "$(BUILT_PRODUCTS_DIR)/StressIt.app/StressIt";
				FRAMEWORK_SEARCH_PATHS = (
					"\"$(SDKROOT)/Developer/Library/Frameworks\"",
					"\"$(DEVELOPER_LIBRARY_DIR)/Frameworks\"",
				);
				GCC_PRECOMPILE_PREFIX_HEADER = YES;
				GCC_PREFIX_HEADER = "StressIt/StressIt-Prefix.pch";
				INFOPLIST_FILE = "StressItTests/StressItTests-Info.plist";
				PRODUCT_NAME = "$(TARGET_NAME)";
				TEST_HOST = "$(BUNDLE_LOADER)";
				WRAPPER_EXTENSION = octest;
			};
			name = Release;
		};
/* End XCBuildConfiguration section */

/* Begin XCConfigurationList section */
		C98E2A211624B6A500AFC6AD /* Build configuration list for PBXProject "StressIt" */ = {
			isa = XCConfigurationList;
			buildConfigurations = (
				C98E2A5E1624B6A600AFC6AD /* Debug */,
				C98E2A5F1624B6A600AFC6AD /* Release */,
			);
			defaultConfigurationIsVisible = 0;
			defaultConfigurationName = Release;
		};
		C98E2A601624B6A600AFC6AD /* Build configuration list for PBXNativeTarget "StressIt" */ = {
			isa = XCConfigurationList;
			buildConfigurations = (
				C98E2A611624B6A600AFC6AD /* Debug */,
				C98E2A621624B6A600AFC6AD /* Release */,
			);
			defaultConfigurationIsVisible = 0;
			defaultConfigurationName = Release;
		};
		C98E2A631624B6A600AFC6AD /* Build configuration list for PBXNativeTarget "StressItTests" */ = {
			isa = XCConfigurationList;
			buildConfigurations = (
				C98E2A641624B6A600AFC6AD /* Debug */,
				C98E2A651624B6A600AFC6AD /* Release */,
			);
			defaultConfigurationIsVisible = 0;
			defaultConfigurationName = Release;
		};
/* End XCConfigurationList section */

/* Begin XCVersionGroup section */
		C98E2A451624B6A600AFC6AD /* StressIt.xcdatamodeld */ = {
			isa = XCVersionGroup;
			children = (
				C98E2A461624B6A600AFC6AD /* StressIt.xcdatamodel */,
			);
			currentVersion = C98E2A461624B6A600AFC6AD /* StressIt.xcdatamodel */;
			path = StressIt.xcdatamodeld;
			sourceTree = "<group>";
			versionGroupType = wrapper.xcdatamodel;
		};
/* End XCVersionGroup section */
	};
	rootObject = C98E2A1E1624B6A500AFC6AD /* Project object */;
}
